{
  "originHash" : "8d2253b24e80e77aef33925277088f5e7ec5fc4557d30c83ba0fe45344a3c617",
  "pins" : [
    {
      "identity" : "bettersafariview",
      "kind" : "remoteSourceControl",
      "location" : "https://github.com/stleamist/BetterSafariView",
      "state" : {
        "branch" : "main",
        "revision" : "884533749e55949b2566030948c6fdbe2873ed0c"
      }
    },
    {
      "identity" : "binarycodable",
      "kind" : "remoteSourceControl",
      "location" : "https://github.com/christophhagen/BinaryCodable",
      "state" : {
        "revision" : "33643e2343f591368647935d14a94e35dc2d3bf0",
        "version" : "2.0.3"
      }
    },
    {
      "identity" : "grdb.swift",
      "kind" : "remoteSourceControl",
      "location" : "https://github.com/groue/GRDB.swift",
      "state" : {
        "revision" : "2cf6c756e1e5ef6901ebae16576a7e4e4b834622",
        "version" : "6.29.3"
      }
    },
    {
      "identity" : "loadingbutton",
      "kind" : "remoteSourceControl",
      "location" : "https://github.com/Changemin/LoadingButton",
      "state" : {
        "revision" : "5045668df822a04c248a9b40aca888a4d37f275a",
        "version" : "1.1.2"
      }
    },
    {
      "identity" : "maccontrolcenterui",
      "kind" : "remoteSourceControl",
      "location" : "https://github.com/orchetect/MacControlCenterUI",
      "state" : {
        "revision" : "30bff7163905641bb2b80898e7191bec0ef507f9",
        "version" : "2.3.3"
      }
    },
    {
      "identity" : "menubarextraaccess",
      "kind" : "remoteSourceControl",
      "location" : "https://github.com/orchetect/MenuBarExtraAccess",
      "state" : {
        "revision" : "e911e6454f8cbfe34a52136fc48e1ceb989a60e7",
        "version" : "1.2.1"
      }
    },
    {
      "identity" : "qrcode",
      "kind" : "remoteSourceControl",
      "location" : "https://github.com/dagronf/qrcode.git",
      "state" : {
        "revision" : "350573762a43ac6e381ad915fb2ce6a3fb5a650d",
        "version" : "20.3.0"
      }
    },
    {
      "identity" : "swift-qrcode-generator",
      "kind" : "remoteSourceControl",
      "location" : "https://github.com/dagronf/swift-qrcode-generator",
      "state" : {
        "revision" : "2b1980b825f08a81ccc762b0c4d17fcde9d5e953",
        "version" : "2.0.2"
      }
    },
    {
      "identity" : "swiftimagereadwrite",
      "kind" : "remoteSourceControl",
      "location" : "https://github.com/dagronf/SwiftImageReadWrite",
      "state" : {
        "revision" : "016a9cb842038e4078a91e506e35cef4f4ff76ff",
        "version" : "1.7.2"
      }
    },
    {
      "identity" : "swiftyping",
      "kind" : "remoteSourceControl",
      "location" : "https://github.com/samiyr/SwiftyPing.git",
      "state" : {
        "branch" : "master",
        "revision" : "05591bc0047e41e0e1d98135c6bc457192a72d39"
      }
    }
  ],
  "version" : 3
}
